
Microsoft Visual Studio Solution File, Format Version 12.00
# Visual Studio 15
VisualStudioVersion = 15.0.27703.2000
MinimumVisualStudioVersion = 10.0.40219.1
Project("{FAE04EC0-301F-11D3-BF4B-00C04F79EFBC}") = "WindowsFormsApp1", "WindowsFormsApp1\WindowsFormsApp1.csproj", "{548FA520-7CF8-412D-B71E-8131ED5E1687}"
EndProject
Project("{FAE04EC0-301F-11D3-BF4B-00C04F79EFBC}") = "DDTMS", "DDTMS\DDTMS.csproj", "{B6B6E0BA-3DE9-4AFB-A8ED-ABC27D54AC4E}"
EndProject
Global
	GlobalSection(SolutionConfigurationPlatforms) = preSolution
		Debug|Any CPU = Debug|Any CPU
		Release|Any CPU = Release|Any CPU
	EndGlobalSection
	GlobalSection(ProjectConfigurationPlatforms) = postSolution
		{548FA520-7CF8-412D-B71E-8131ED5E1687}.Debug|Any CPU.ActiveCfg = Debug|Any CPU
		{548FA520-7CF8-412D-B71E-8131ED5E1687}.Debug|Any CPU.Build.0 = Debug|Any CPU
		{548FA520-7CF8-412D-B71E-8131ED5E1687}.Release|Any CPU.ActiveCfg = Release|Any CPU
		{548FA520-7CF8-412D-B71E-8131ED5E1687}.Release|Any CPU.Build.0 = Release|Any CPU
		{B6B6E0BA-3DE9-4AFB-A8ED-ABC27D54AC4E}.Debug|Any CPU.ActiveCfg = Debug|Any CPU
		{B6B6E0BA-3DE9-4AFB-A8ED-ABC27D54AC4E}.Debug|Any CPU.Build.0 = Debug|Any CPU
		{B6B6E0BA-3DE9-4AFB-A8ED-ABC27D54AC4E}.Release|Any CPU.ActiveCfg = Release|Any CPU
		{B6B6E0BA-3DE9-4AFB-A8ED-ABC27D54AC4E}.Release|Any CPU.Build.0 = Release|Any CPU
	EndGlobalSection
	GlobalSection(SolutionProperties) = preSolution
		HideSolutionNode = FALSE
	EndGlobalSection
	GlobalSection(ExtensibilityGlobals) = postSolution
		SolutionGuid = {34F19FCC-2C8A-460F-B46F-1B3FCE2894AE}
	EndGlobalSection
EndGlobal
